{
  "name": "prisma-db",
  "lockfileVersion": 3,
  "requires": true,
  "packages": {
    "": {
      "dependencies": {
        "bun": "^1.1.29",
        "prisma": "^5.12.1",
        "typescript": "^5.4.5"
      },
      "devDependencies": {
        "@types/node": "^22.7.0"
      }
    },
    "node_modules/@oven/bun-darwin-aarch64": {
      "version": "1.1.29",
      "resolved": "https://registry.npmjs.org/@oven/bun-darwin-aarch64/-/bun-darwin-aarch64-1.1.29.tgz",
      "integrity": "sha512-Z8WnrXoAXg6ENU6z+Mil94oipMBMliJIj4XWWqjNC33/ZGPqMdPT5MbFQjbdHjxe5bRBW/aHaMU3G35fGx9Seg==",
      "cpu": [
        "arm64"
      ],
      "license": "MIT",
      "optional": true,
      "os": [
        "darwin"
      ]
    },
    "node_modules/@oven/bun-darwin-x64": {
      "version": "1.1.29",
      "resolved": "https://registry.npmjs.org/@oven/bun-darwin-x64/-/bun-darwin-x64-1.1.29.tgz",
      "integrity": "sha512-tDHDR+OWLCKEP0xE8IGCWRxSsxO5tr3rvyrSzy6CXYkoWPz66kODbtbGfWl8HSwunrQxJKnE2L9LWX2Eiz3Cpw==",
      "cpu": [
        "x64"
      ],
      "license": "MIT",
      "optional": true,
      "os": [
        "darwin"
      ]
    },
    "node_modules/@oven/bun-darwin-x64-baseline": {
      "version": "1.1.29",
      "resolved": "https://registry.npmjs.org/@oven/bun-darwin-x64-baseline/-/bun-darwin-x64-baseline-1.1.29.tgz",
      "integrity": "sha512-B+zKlJR+3ANPDU+vNjvXaqgB63hYcCk16/k45hiInvIsDXfSdDn4+LMHwZTFdfUWTCGbNMFg9u4bZCtK0nhMDw==",
      "cpu": [
        "x64"
      ],
      "license": "MIT",
      "optional": true,
      "os": [
        "darwin"
      ]
    },
    "node_modules/@oven/bun-linux-aarch64": {
      "version": "1.1.29",
      "resolved": "https://registry.npmjs.org/@oven/bun-linux-aarch64/-/bun-linux-aarch64-1.1.29.tgz",
      "integrity": "sha512-BuV2Gni+FaMo1r7+3vLjefQYtQcWE01zJJ4zCjyzikP1L4r6PUaLeJyKXbqF6sIR0cLjG6LWj66EGskakDyvWA==",
      "cpu": [
        "arm64"
      ],
      "license": "MIT",
      "optional": true,
      "os": [
        "linux"
      ]
    },
    "node_modules/@oven/bun-linux-x64": {
      "version": "1.1.29",
      "resolved": "https://registry.npmjs.org/@oven/bun-linux-x64/-/bun-linux-x64-1.1.29.tgz",
      "integrity": "sha512-JVLiTafybuOFIeC80mZEzHdkOCCzlOtOV5zCbvYAIb7D3SM64fNBwrR0dvDkJTQtsjbwt8YeVFN2YRSI/wlFkw==",
      "cpu": [
        "x64"
      ],
      "license": "MIT",
      "optional": true,
      "os": [
        "linux"
      ]
    },
    "node_modules/@oven/bun-linux-x64-baseline": {
      "version": "1.1.29",
      "resolved": "https://registry.npmjs.org/@oven/bun-linux-x64-baseline/-/bun-linux-x64-baseline-1.1.29.tgz",
      "integrity": "sha512-tQhm1SDyymBvc2L3zIN7FI+sI3g9gxavDYuvL/Lz17nEk1oqP5DFE2lF9QWJMDdQL3XQKH/drI27yNpfPHgAPw==",
      "cpu": [
        "x64"
      ],
      "license": "MIT",
      "optional": true,
      "os": [
        "linux"
      ]
    },
    "node_modules/@oven/bun-windows-x64": {
      "version": "1.1.29",
      "resolved": "https://registry.npmjs.org/@oven/bun-windows-x64/-/bun-windows-x64-1.1.29.tgz",
      "integrity": "sha512-d930+pSkNVHPJJBryIh1gsAKk7lp1HzcktFe0bfxwmpHwjj4BiVfMjU1YaCnsdWKNs2Nv1Y1PLVDNyUCQVfo0Q==",
      "cpu": [
        "x64"
      ],
      "license": "MIT",
      "optional": true,
      "os": [
        "win32"
      ]
    },
    "node_modules/@oven/bun-windows-x64-baseline": {
      "version": "1.1.29",
      "resolved": "https://registry.npmjs.org/@oven/bun-windows-x64-baseline/-/bun-windows-x64-baseline-1.1.29.tgz",
      "integrity": "sha512-+QWT8Kp+3Sl54QUa6uBsDzQlX11thMMVAw+yUwSRU4Y5FVSN8RPuxhN8ijJ1QGm1KOYA2sCI6V+3lyNMNmRvAA==",
      "cpu": [
        "x64"
      ],
      "license": "MIT",
      "optional": true,
      "os": [
        "win32"
      ]
    },
    "node_modules/@prisma/debug": {
      "version": "5.12.1",
      "resolved": "https://registry.npmjs.org/@prisma/debug/-/debug-5.12.1.tgz",
      "integrity": "sha512-kd/wNsR0klrv79o1ITsbWxYyh4QWuBidvxsXSParPsYSu0ircUmNk3q4ojsgNc3/81b0ozg76iastOG43tbf8A=="
    },
    "node_modules/@prisma/engines": {
      "version": "5.12.1",
      "resolved": "https://registry.npmjs.org/@prisma/engines/-/engines-5.12.1.tgz",
      "integrity": "sha512-HQDdglLw2bZR/TXD2Y+YfDMvi5Q8H+acbswqOsWyq9pPjBLYJ6gzM+ptlTU/AV6tl0XSZLU1/7F4qaWa8bqpJA==",
      "hasInstallScript": true,
      "dependencies": {
        "@prisma/debug": "5.12.1",
        "@prisma/engines-version": "5.12.0-21.473ed3124229e22d881cb7addf559799debae1ab",
        "@prisma/fetch-engine": "5.12.1",
        "@prisma/get-platform": "5.12.1"
      }
    },
    "node_modules/@prisma/engines-version": {
      "version": "5.12.0-21.473ed3124229e22d881cb7addf559799debae1ab",
      "resolved": "https://registry.npmjs.org/@prisma/engines-version/-/engines-version-5.12.0-21.473ed3124229e22d881cb7addf559799debae1ab.tgz",
      "integrity": "sha512-6yvO8s80Tym61aB4QNtYZfWVmE3pwqe807jEtzm8C5VDe7nw8O1FGX3TXUaXmWV0fQTIAfRbeL2Gwrndabp/0g=="
    },
    "node_modules/@prisma/fetch-engine": {
      "version": "5.12.1",
      "resolved": "https://registry.npmjs.org/@prisma/fetch-engine/-/fetch-engine-5.12.1.tgz",
      "integrity": "sha512-qSs3KcX1HKcea1A+hlJVK/ljj0PNIUHDxAayGMvgJBqmaN32P9tCidlKz1EGv6WoRFICYnk3Dd/YFLBwnFIozA==",
      "dependencies": {
        "@prisma/debug": "5.12.1",
        "@prisma/engines-version": "5.12.0-21.473ed3124229e22d881cb7addf559799debae1ab",
        "@prisma/get-platform": "5.12.1"
      }
    },
    "node_modules/@prisma/get-platform": {
      "version": "5.12.1",
      "resolved": "https://registry.npmjs.org/@prisma/get-platform/-/get-platform-5.12.1.tgz",
      "integrity": "sha512-pgIR+pSvhYHiUcqXVEZS31NrFOTENC9yFUdEAcx7cdQBoZPmHVjtjN4Ss6NzVDMYPrKJJ51U14EhEoeuBlMioQ==",
      "dependencies": {
        "@prisma/debug": "5.12.1"
      }
    },
    "node_modules/@types/node": {
      "version": "22.7.0",
      "resolved": "https://registry.npmjs.org/@types/node/-/node-22.7.0.tgz",
      "integrity": "sha512-MOdOibwBs6KW1vfqz2uKMlxq5xAfAZ98SZjO8e3XnAbFnTJtAspqhWk7hrdSAs9/Y14ZWMiy7/MxMUzAOadYEw==",
      "dev": true,
      "license": "MIT",
      "dependencies": {
        "undici-types": "~6.19.2"
      }
    },
    "node_modules/bun": {
      "version": "1.1.29",
      "resolved": "https://registry.npmjs.org/bun/-/bun-1.1.29.tgz",
      "integrity": "sha512-SKhpyKNZtgxrVel9ec9xon3LDv8mgpiuFhARgcJo1YIbggY2PBrKHRNiwQ6Qlb+x3ivmRurfuwWgwGexjpgBRg==",
      "cpu": [
        "arm64",
        "x64"
      ],
      "hasInstallScript": true,
      "license": "MIT",
      "os": [
        "darwin",
        "linux",
        "win32"
      ],
      "bin": {
        "bun": "bin/bun.exe",
        "bunx": "bin/bun.exe"
      },
      "optionalDependencies": {
        "@oven/bun-darwin-aarch64": "1.1.29",
        "@oven/bun-darwin-x64": "1.1.29",
        "@oven/bun-darwin-x64-baseline": "1.1.29",
        "@oven/bun-linux-aarch64": "1.1.29",
        "@oven/bun-linux-x64": "1.1.29",
        "@oven/bun-linux-x64-baseline": "1.1.29",
        "@oven/bun-windows-x64": "1.1.29",
        "@oven/bun-windows-x64-baseline": "1.1.29"
      }
    },
    "node_modules/prisma": {
      "version": "5.12.1",
      "resolved": "https://registry.npmjs.org/prisma/-/prisma-5.12.1.tgz",
      "integrity": "sha512-SkMnb6wyIxTv9ACqiHBI2u9gD6y98qXRoCoLEnZsF6yee5Qg828G+ARrESN+lQHdw4maSZFFSBPPDpvSiVTo0Q==",
      "hasInstallScript": true,
      "dependencies": {
        "@prisma/engines": "5.12.1"
      },
      "bin": {
        "prisma": "build/index.js"
      },
      "engines": {
        "node": ">=16.13"
      }
    },
    "node_modules/typescript": {
      "version": "5.4.5",
      "resolved": "https://registry.npmjs.org/typescript/-/typescript-5.4.5.tgz",
      "integrity": "sha512-vcI4UpRgg81oIRUFwR0WSIHKt11nJ7SAVlYNIu+QpqeyXP+gpQJy/Z4+F0aGxSE4MqwjyXvW/TzgkLAx2AGHwQ==",
      "bin": {
        "tsc": "bin/tsc",
        "tsserver": "bin/tsserver"
      },
      "engines": {
        "node": ">=14.17"
      }
    },
    "node_modules/undici-types": {
      "version": "6.19.8",
      "resolved": "https://registry.npmjs.org/undici-types/-/undici-types-6.19.8.tgz",
      "integrity": "sha512-ve2KP6f/JnbPBFyobGHuerC9g1FYGn/F8n1LWTwNxCEzd6IfqTwUQcNXgEtmmQ6DlRrC1hrSrBnCZPokRrDHjw==",
      "dev": true,
      "license": "MIT"
    }
  }
}
